
Microsoft Visual Studio Solution File, Format Version 12.00
# Visual Studio Version 16
VisualStudioVersion = 16.0.30011.22
MinimumVisualStudioVersion = 10.0.40219.1
Project("{FAE04EC0-301F-11D3-BF4B-00C04F79EFBC}") = "Aufgabe_01", "Aufgabe_01.csproj", "{5F06C16A-D148-4634-9347-BF6ECC02AD88}"
EndProject
Global
	GlobalSection(SolutionConfigurationPlatforms) = preSolution
		Debug|Any CPU = Debug|Any CPU
		Release|Any CPU = Release|Any CPU
	EndGlobalSection
	GlobalSection(ProjectConfigurationPlatforms) = postSolution
		{5F06C16A-D148-4634-9347-BF6ECC02AD88}.Debug|Any CPU.ActiveCfg = Debug|Any CPU
		{5F06C16A-D148-4634-9347-BF6ECC02AD88}.Debug|Any CPU.Build.0 = Debug|Any CPU
		{5F06C16A-D148-4634-9347-BF6ECC02AD88}.Release|Any CPU.ActiveCfg = Release|Any CPU
		{5F06C16A-D148-4634-9347-BF6ECC02AD88}.Release|Any CPU.Build.0 = Release|Any CPU
	EndGlobalSection
	GlobalSection(SolutionProperties) = preSolution
		HideSolutionNode = FALSE
	EndGlobalSection
	GlobalSection(ExtensibilityGlobals) = postSolution
		SolutionGuid = {25DBA43E-614D-4215-BF7A-379F10DE7680}
	EndGlobalSection
EndGlobal
